
Microsoft Visual Studio Solution File, Format Version 12.00
# Visual Studio Version 17
VisualStudioVersion = 17.2.32616.157
MinimumVisualStudioVersion = 10.0.40219.1
Project("{FAE04EC0-301F-11D3-BF4B-00C04F79EFBC}") = "tiebreaker", "tiebreaker\tiebreaker.csproj", "{2179B624-8976-45FD-8C47-2610C741E492}"
EndProject
Global
	GlobalSection(SolutionConfigurationPlatforms) = preSolution
		Debug|Any CPU = Debug|Any CPU
		Release|Any CPU = Release|Any CPU
	EndGlobalSection
	GlobalSection(ProjectConfigurationPlatforms) = postSolution
		{2179B624-8976-45FD-8C47-2610C741E492}.Debug|Any CPU.ActiveCfg = Debug|Any CPU
		{2179B624-8976-45FD-8C47-2610C741E492}.Debug|Any CPU.Build.0 = Debug|Any CPU
		{2179B624-8976-45FD-8C47-2610C741E492}.Release|Any CPU.ActiveCfg = Release|Any CPU
		{2179B624-8976-45FD-8C47-2610C741E492}.Release|Any CPU.Build.0 = Release|Any CPU
	EndGlobalSection
	GlobalSection(SolutionProperties) = preSolution
		HideSolutionNode = FALSE
	EndGlobalSection
	GlobalSection(ExtensibilityGlobals) = postSolution
		SolutionGuid = {46D8EE7A-B2A7-43C4-918A-07217C1EC2FB}
	EndGlobalSection
EndGlobal
